<?xml version="1.0" encoding="utf-8"?>
<Project ToolsVersion="4.0" xmlns="http://schemas.microsoft.com/developer/msbuild/2003">
  <ItemGroup>
    <Filter Include="Main">
      <UniqueIdentifier>{89aa27f5-854a-4f0f-b354-ad45f3467e4a}</UniqueIdentifier>
    </Filter>
    <Filter Include="Common">
      <UniqueIdentifier>{62af1e40-2972-4998-98ce-183503d5b9f1}</UniqueIdentifier>
    </Filter>
    <Filter Include="HPSocket">
      <UniqueIdentifier>{6dfe1087-bd2e-422b-b9bb-44ea3edf3d8e}</UniqueIdentifier>
    </Filter>
    <Filter Include="Global">
      <UniqueIdentifier>{88ead97d-e618-4da0-8572-fcfb5e5cd08c}</UniqueIdentifier>
    </Filter>
    <Filter Include="Common\Crypto">
      <UniqueIdentifier>{755b1b75-9d38-4e86-926f-8a955faf20b6}</UniqueIdentifier>
    </Filter>
  </ItemGroup>
  <ItemGroup>
    <ClCompile Include="client.cpp">
      <Filter>Main</Filter>
    </ClCompile>
    <ClCompile Include="..\..\Global\helper.cpp">
      <Filter>Global</Filter>
    </ClCompile>
    <ClCompile Include="..\..\..\src\common\crypto\Crypto.cpp">
      <Filter>Common\Crypto</Filter>
    </ClCompile>
    <ClCompile Include="..\..\..\src\common\FileHelper.cpp">
      <Filter>Common</Filter>
    </ClCompile>
    <ClCompile Include="..\..\..\src\common\FuncHelper.cpp">
      <Filter>Common</Filter>
    </ClCompile>
    <ClCompile Include="..\..\..\src\common\SysHelper.cpp">
      <Filter>Common</Filter>
    </ClCompile>
    <ClCompile Include="..\..\..\src\common\Thread.cpp">
      <Filter>Common</Filter>
    </ClCompile>
  </ItemGroup>
  <ItemGroup>
    <ClInclude Include="..\..\Global\helper.h">
      <Filter>Global</Filter>
    </ClInclude>
    <ClInclude Include="..\..\..\src\common\crypto\Crypto.h">
      <Filter>Common\Crypto</Filter>
    </ClInclude>
    <ClInclude Include="..\..\..\include\HPSocket4C.h">
      <Filter>HPSocket</Filter>
    </ClInclude>
    <ClInclude Include="..\..\..\include\HPSocket4C-SSL.h">
      <Filter>HPSocket</Filter>
    </ClInclude>
    <ClInclude Include="..\..\..\include\hpsocket\HPTypeDef.h">
      <Filter>HPSocket</Filter>
    </ClInclude>
    <ClInclude Include="..\..\..\src\common\FileHelper.h">
      <Filter>Common</Filter>
    </ClInclude>
    <ClInclude Include="..\..\..\src\common\FuncHelper.h">
      <Filter>Common</Filter>
    </ClInclude>
    <ClInclude Include="..\..\..\src\common\GeneralHelper.h">
      <Filter>Common</Filter>
    </ClInclude>
    <ClInclude Include="..\..\..\src\common\StringT.h">
      <Filter>Common</Filter>
    </ClInclude>
    <ClInclude Include="..\..\..\src\common\SysHelper.h">
      <Filter>Common</Filter>
    </ClInclude>
    <ClInclude Include="..\..\..\src\common\Thread.h">
      <Filter>Common</Filter>
    </ClInclude>
  </ItemGroup>
</Project>