<?xml version="1.0" encoding="utf-8"?>
<Project ToolsVersion="4.0" xmlns="http://schemas.microsoft.com/developer/msbuild/2003">
  <ItemGroup>
    <Filter Include="Source Files">
      <UniqueIdentifier>{4FC737F1-C7A5-4376-A066-2A32D752A2FF}</UniqueIdentifier>
      <Extensions>cpp;c;cc;cxx;def;odl;idl;hpj;bat;asm;asmx</Extensions>
    </Filter>
    <Filter Include="Header Files">
      <UniqueIdentifier>{93995380-89BD-4b04-88EB-625FBE52EBFB}</UniqueIdentifier>
      <Extensions>h;hpp;hxx;hm;inl;inc;xsd</Extensions>
    </Filter>
    <Filter Include="Resource Files">
      <UniqueIdentifier>{67DA6AB6-F800-4c08-8B7A-83BB121AAD01}</UniqueIdentifier>
      <Extensions>rc;ico;cur;bmp;dlg;rc2;rct;bin;rgs;gif;jpg;jpeg;jpe;resx;tiff;tif;png;wav;mfcribbon-ms</Extensions>
    </Filter>
    <Filter Include="Common">
      <UniqueIdentifier>{48c55559-451a-4f0d-9cb2-884503406307}</UniqueIdentifier>
    </Filter>
    <Filter Include="Global">
      <UniqueIdentifier>{f57bc1d3-66f4-49c0-b1c8-c7e5d163de15}</UniqueIdentifier>
    </Filter>
    <Filter Include="HPSocket">
      <UniqueIdentifier>{f91de9d1-99d3-4318-8989-0a58646693cc}</UniqueIdentifier>
    </Filter>
    <Filter Include="Common\http">
      <UniqueIdentifier>{52aec3cb-66ab-42f5-9737-f66d09697115}</UniqueIdentifier>
    </Filter>
    <Filter Include="Common\crypt">
      <UniqueIdentifier>{429db13b-5df8-43be-8416-7328f501920a}</UniqueIdentifier>
    </Filter>
    <Filter Include="Common\zlib">
      <UniqueIdentifier>{d556214a-9eb7-4383-a4b3-2520a93902fe}</UniqueIdentifier>
    </Filter>
  </ItemGroup>
  <ItemGroup>
    <None Include="ReadMe.txt" />
    <None Include="res\Server.rc2">
      <Filter>Resource Files</Filter>
    </None>
    <None Include="res\Server.ico">
      <Filter>Resource Files</Filter>
    </None>
  </ItemGroup>
  <ItemGroup>
    <ClInclude Include="Server.h">
      <Filter>Header Files</Filter>
    </ClInclude>
    <ClInclude Include="ServerDlg.h">
      <Filter>Header Files</Filter>
    </ClInclude>
    <ClInclude Include="stdafx.h">
      <Filter>Header Files</Filter>
    </ClInclude>
    <ClInclude Include="Resource.h">
      <Filter>Header Files</Filter>
    </ClInclude>
    <ClInclude Include="..\..\Global\helper.h">
      <Filter>Global</Filter>
    </ClInclude>
    <ClInclude Include="..\..\..\..\Common\Src\bufferpool.h">
      <Filter>Common</Filter>
    </ClInclude>
    <ClInclude Include="..\..\..\..\Common\Src\bufferptr.h">
      <Filter>Common</Filter>
    </ClInclude>
    <ClInclude Include="..\..\..\..\Common\Src\CriticalSection.h">
      <Filter>Common</Filter>
    </ClInclude>
    <ClInclude Include="..\..\..\..\Common\Src\Event.h">
      <Filter>Common</Filter>
    </ClInclude>
    <ClInclude Include="..\..\..\..\Common\Src\GeneralHelper.h">
      <Filter>Common</Filter>
    </ClInclude>
    <ClInclude Include="..\..\..\..\Common\Src\PrivateHeap.h">
      <Filter>Common</Filter>
    </ClInclude>
    <ClInclude Include="..\..\..\..\Common\Src\RWLock.h">
      <Filter>Common</Filter>
    </ClInclude>
    <ClInclude Include="..\..\..\..\Common\Src\Semaphore.h">
      <Filter>Common</Filter>
    </ClInclude>
    <ClInclude Include="..\..\..\..\Common\Src\Singleton.h">
      <Filter>Common</Filter>
    </ClInclude>
    <ClInclude Include="..\..\..\..\Common\Src\STLHelper.h">
      <Filter>Common</Filter>
    </ClInclude>
    <ClInclude Include="..\..\..\..\Common\Src\SysHelper.h">
      <Filter>Common</Filter>
    </ClInclude>
    <ClInclude Include="..\..\..\..\Common\Src\WaitFor.h">
      <Filter>Common</Filter>
    </ClInclude>
    <ClInclude Include="..\..\..\..\Common\Src\Win32Helper.h">
      <Filter>Common</Filter>
    </ClInclude>
    <ClInclude Include="..\..\..\Src\SocketHelper.h">
      <Filter>HPSocket</Filter>
    </ClInclude>
    <ClInclude Include="..\..\..\Src\SocketInterface.h">
      <Filter>HPSocket</Filter>
    </ClInclude>
    <ClInclude Include="..\..\..\Src\TcpServer.h">
      <Filter>HPSocket</Filter>
    </ClInclude>
    <ClInclude Include="..\..\..\Src\SSLHelper.h">
      <Filter>HPSocket</Filter>
    </ClInclude>
    <ClInclude Include="..\..\..\Src\SSLServer.h">
      <Filter>HPSocket</Filter>
    </ClInclude>
    <ClInclude Include="..\..\..\..\Common\Src\FuncHelper.h">
      <Filter>Common</Filter>
    </ClInclude>
    <ClInclude Include="..\..\..\Src\HttpHelper.h">
      <Filter>HPSocket</Filter>
    </ClInclude>
    <ClInclude Include="..\..\..\Src\HttpServer.h">
      <Filter>HPSocket</Filter>
    </ClInclude>
    <ClInclude Include="..\..\..\..\Common\Src\RingBuffer.h">
      <Filter>Common</Filter>
    </ClInclude>
    <ClInclude Include="..\..\..\Src\HPTypeDef.h">
      <Filter>HPSocket</Filter>
    </ClInclude>
    <ClInclude Include="..\..\..\..\Common\Src\crypto\crypto.h">
      <Filter>Common\crypt</Filter>
    </ClInclude>
    <ClInclude Include="..\..\..\..\Common\Src\http\http_parser.h">
      <Filter>Common\http</Filter>
    </ClInclude>
    <ClInclude Include="..\..\..\..\Common\Src\zlib\crc32.h">
      <Filter>Common\zlib</Filter>
    </ClInclude>
    <ClInclude Include="..\..\..\..\Common\Src\zlib\deflate.h">
      <Filter>Common\zlib</Filter>
    </ClInclude>
    <ClInclude Include="..\..\..\..\Common\Src\zlib\gzguts.h">
      <Filter>Common\zlib</Filter>
    </ClInclude>
    <ClInclude Include="..\..\..\..\Common\Src\zlib\inffast.h">
      <Filter>Common\zlib</Filter>
    </ClInclude>
    <ClInclude Include="..\..\..\..\Common\Src\zlib\inffixed.h">
      <Filter>Common\zlib</Filter>
    </ClInclude>
    <ClInclude Include="..\..\..\..\Common\Src\zlib\inflate.h">
      <Filter>Common\zlib</Filter>
    </ClInclude>
    <ClInclude Include="..\..\..\..\Common\Src\zlib\inftrees.h">
      <Filter>Common\zlib</Filter>
    </ClInclude>
    <ClInclude Include="..\..\..\..\Common\Src\zlib\trees.h">
      <Filter>Common\zlib</Filter>
    </ClInclude>
    <ClInclude Include="..\..\..\..\Common\Src\zlib\zconf.h">
      <Filter>Common\zlib</Filter>
    </ClInclude>
    <ClInclude Include="..\..\..\..\Common\Src\zlib\zlib.h">
      <Filter>Common\zlib</Filter>
    </ClInclude>
    <ClInclude Include="..\..\..\..\Common\Src\zlib\zutil.h">
      <Filter>Common\zlib</Filter>
    </ClInclude>
    <ClInclude Include="..\..\..\Src\HttpCookie.h">
      <Filter>HPSocket</Filter>
    </ClInclude>
  </ItemGroup>
  <ItemGroup>
    <ClCompile Include="Server.cpp">
      <Filter>Source Files</Filter>
    </ClCompile>
    <ClCompile Include="ServerDlg.cpp">
      <Filter>Source Files</Filter>
    </ClCompile>
    <ClCompile Include="stdafx.cpp">
      <Filter>Source Files</Filter>
    </ClCompile>
    <ClCompile Include="..\..\Global\helper.cpp">
      <Filter>Global</Filter>
    </ClCompile>
    <ClCompile Include="..\..\..\..\Common\Src\bufferpool.cpp">
      <Filter>Common</Filter>
    </ClCompile>
    <ClCompile Include="..\..\..\..\Common\Src\RWLock.cpp">
      <Filter>Common</Filter>
    </ClCompile>
    <ClCompile Include="..\..\..\..\Common\Src\SysHelper.cpp">
      <Filter>Common</Filter>
    </ClCompile>
    <ClCompile Include="..\..\..\..\Common\Src\WaitFor.cpp">
      <Filter>Common</Filter>
    </ClCompile>
    <ClCompile Include="..\..\..\Src\SocketHelper.cpp">
      <Filter>HPSocket</Filter>
    </ClCompile>
    <ClCompile Include="..\..\..\Src\TcpServer.cpp">
      <Filter>HPSocket</Filter>
    </ClCompile>
    <ClCompile Include="..\..\..\Src\SSLHelper.cpp">
      <Filter>HPSocket</Filter>
    </ClCompile>
    <ClCompile Include="..\..\..\Src\SSLServer.cpp">
      <Filter>HPSocket</Filter>
    </ClCompile>
    <ClCompile Include="..\..\..\..\Common\Src\FuncHelper.cpp">
      <Filter>Common</Filter>
    </ClCompile>
    <ClCompile Include="..\..\..\Src\HttpHelper.cpp">
      <Filter>HPSocket</Filter>
    </ClCompile>
    <ClCompile Include="..\..\..\Src\HttpServer.cpp">
      <Filter>HPSocket</Filter>
    </ClCompile>
    <ClCompile Include="..\..\..\..\Common\Src\crypto\crypto.cpp">
      <Filter>Common\crypt</Filter>
    </ClCompile>
    <ClCompile Include="..\..\..\..\Common\Src\http\http_parser.c">
      <Filter>Common\http</Filter>
    </ClCompile>
    <ClCompile Include="..\..\..\..\Common\Src\zlib\adler32.c">
      <Filter>Common\zlib</Filter>
    </ClCompile>
    <ClCompile Include="..\..\..\..\Common\Src\zlib\compress.c">
      <Filter>Common\zlib</Filter>
    </ClCompile>
    <ClCompile Include="..\..\..\..\Common\Src\zlib\crc32.c">
      <Filter>Common\zlib</Filter>
    </ClCompile>
    <ClCompile Include="..\..\..\..\Common\Src\zlib\deflate.c">
      <Filter>Common\zlib</Filter>
    </ClCompile>
    <ClCompile Include="..\..\..\..\Common\Src\zlib\gzclose.c">
      <Filter>Common\zlib</Filter>
    </ClCompile>
    <ClCompile Include="..\..\..\..\Common\Src\zlib\gzlib.c">
      <Filter>Common\zlib</Filter>
    </ClCompile>
    <ClCompile Include="..\..\..\..\Common\Src\zlib\gzread.c">
      <Filter>Common\zlib</Filter>
    </ClCompile>
    <ClCompile Include="..\..\..\..\Common\Src\zlib\gzwrite.c">
      <Filter>Common\zlib</Filter>
    </ClCompile>
    <ClCompile Include="..\..\..\..\Common\Src\zlib\infback.c">
      <Filter>Common\zlib</Filter>
    </ClCompile>
    <ClCompile Include="..\..\..\..\Common\Src\zlib\inffast.c">
      <Filter>Common\zlib</Filter>
    </ClCompile>
    <ClCompile Include="..\..\..\..\Common\Src\zlib\inflate.c">
      <Filter>Common\zlib</Filter>
    </ClCompile>
    <ClCompile Include="..\..\..\..\Common\Src\zlib\inftrees.c">
      <Filter>Common\zlib</Filter>
    </ClCompile>
    <ClCompile Include="..\..\..\..\Common\Src\zlib\trees.c">
      <Filter>Common\zlib</Filter>
    </ClCompile>
    <ClCompile Include="..\..\..\..\Common\Src\zlib\uncompr.c">
      <Filter>Common\zlib</Filter>
    </ClCompile>
    <ClCompile Include="..\..\..\..\Common\Src\zlib\zutil.c">
      <Filter>Common\zlib</Filter>
    </ClCompile>
    <ClCompile Include="..\..\..\Src\HttpCookie.cpp">
      <Filter>HPSocket</Filter>
    </ClCompile>
  </ItemGroup>
  <ItemGroup>
    <ResourceCompile Include="Server.rc">
      <Filter>Resource Files</Filter>
    </ResourceCompile>
  </ItemGroup>
</Project>