
Microsoft Visual Studio Solution File, Format Version 12.00
# Visual Studio 15
VisualStudioVersion = 15.0.27703.2035
MinimumVisualStudioVersion = 10.0.40219.1
Project("{FAE04EC0-301F-11D3-BF4B-00C04F79EFBC}") = "HPSocketCS", "HPSocketCS\HPSocketCS.csproj", "{DFA935E2-CF37-4E26-B697-D7F3DEE19DD8}"
EndProject
Project("{FAE04EC0-301F-11D3-BF4B-00C04F79EFBC}") = "TcpPullClient", "TcpPullClient\TcpPullClient.csproj", "{B9965E66-853A-47CC-B0C9-197B5A29ABFC}"
EndProject
Project("{FAE04EC0-301F-11D3-BF4B-00C04F79EFBC}") = "TcpPullServer", "TcpPullServer\TcpPullServer.csproj", "{B6654857-4C82-4F92-AD7A-21FD3ED5BBFA}"
EndProject
Project("{FAE04EC0-301F-11D3-BF4B-00C04F79EFBC}") = "TcpClient", "TcpClient\TcpClient.csproj", "{B6E43918-236A-4EA7-84C8-ED4A98049907}"
EndProject
Project("{FAE04EC0-301F-11D3-BF4B-00C04F79EFBC}") = "TcpServer", "TcpServer\TcpServer.csproj", "{9A3339BC-37F0-4D03-9ACE-51CC4CF75277}"
EndProject
Project("{FAE04EC0-301F-11D3-BF4B-00C04F79EFBC}") = "TcpServer-PFM", "TcpServer-PFM\TcpServer-PFM.csproj", "{10426A79-A3B3-4CD2-BD84-02AAEE27FB75}"
EndProject
Project("{FAE04EC0-301F-11D3-BF4B-00C04F79EFBC}") = "TcpClient-PFM", "TcpClient-PFM\TcpClient-PFM.csproj", "{9A2CEAF1-95CF-4E7D-91D5-42DB1F3FD29A}"
EndProject
Project("{FAE04EC0-301F-11D3-BF4B-00C04F79EFBC}") = "TcpPackServer", "TcpPackServer\TcpPackServer.csproj", "{2C7A6E29-980B-4A4C-9645-E2CA26FCEAAC}"
EndProject
Project("{FAE04EC0-301F-11D3-BF4B-00C04F79EFBC}") = "TcpPackClient", "TcpPackClient\TcpPackClient.csproj", "{36D05914-1A8A-484C-9FB7-8BE4582A665A}"
EndProject
Project("{FAE04EC0-301F-11D3-BF4B-00C04F79EFBC}") = "SSLClient", "SSLClient\SSLClient.csproj", "{90562CEB-1B6C-43AF-80A2-386A4323A4EF}"
EndProject
Project("{FAE04EC0-301F-11D3-BF4B-00C04F79EFBC}") = "SSLPackClient", "SSLPackClient\SSLPackClient.csproj", "{54B8F93E-C7A6-463E-8DCD-2BDD94EF9D90}"
EndProject
Project("{FAE04EC0-301F-11D3-BF4B-00C04F79EFBC}") = "SSLPackServer", "SSLPackServer\SSLPackServer.csproj", "{D99C1889-D52B-4640-B3F5-594F5A728A56}"
EndProject
Project("{FAE04EC0-301F-11D3-BF4B-00C04F79EFBC}") = "SSLServer", "SSLServer\SSLServer.csproj", "{2125B641-AB4D-4C29-A2A7-DD37839CCACB}"
EndProject
Project("{FAE04EC0-301F-11D3-BF4B-00C04F79EFBC}") = "TcpPortForwarding", "TcpPortForwarding\TcpPortForwarding.csproj", "{53C19B7D-9590-49FA-81BC-59ECC820F349}"
EndProject
Project("{FAE04EC0-301F-11D3-BF4B-00C04F79EFBC}") = "HttpServer", "HttpServer\HttpServer.csproj", "{B39F04B9-17B1-4351-B411-D5CCE39627CE}"
EndProject
Project("{FAE04EC0-301F-11D3-BF4B-00C04F79EFBC}") = "WebSocketServer", "WebSocketServer\WebSocketServer.csproj", "{00E2BFEE-3896-4647-A5A2-046218F09477}"
EndProject
Project("{FAE04EC0-301F-11D3-BF4B-00C04F79EFBC}") = "WebsocketClient", "WebsocketClient\WebsocketClient.csproj", "{F49C9BF8-2ED5-4167-876B-404B6A7C1F4B}"
EndProject
Project("{FAE04EC0-301F-11D3-BF4B-00C04F79EFBC}") = "ThreadPoolDemo", "ThreadPoolDemo\ThreadPoolDemo.csproj", "{EE9287B0-F062-4A31-A2CB-B7FBCC6B818A}"
EndProject
Global
	GlobalSection(SolutionConfigurationPlatforms) = preSolution
		Debug|x64 = Debug|x64
		Debug|x86 = Debug|x86
		Release|x64 = Release|x64
		Release|x86 = Release|x86
	EndGlobalSection
	GlobalSection(ProjectConfigurationPlatforms) = postSolution
		{DFA935E2-CF37-4E26-B697-D7F3DEE19DD8}.Debug|x64.ActiveCfg = Debug|x64
		{DFA935E2-CF37-4E26-B697-D7F3DEE19DD8}.Debug|x64.Build.0 = Debug|x64
		{DFA935E2-CF37-4E26-B697-D7F3DEE19DD8}.Debug|x86.ActiveCfg = Debug|x86
		{DFA935E2-CF37-4E26-B697-D7F3DEE19DD8}.Debug|x86.Build.0 = Debug|x86
		{DFA935E2-CF37-4E26-B697-D7F3DEE19DD8}.Release|x64.ActiveCfg = Release|x64
		{DFA935E2-CF37-4E26-B697-D7F3DEE19DD8}.Release|x64.Build.0 = Release|x64
		{DFA935E2-CF37-4E26-B697-D7F3DEE19DD8}.Release|x86.ActiveCfg = Release|x86
		{DFA935E2-CF37-4E26-B697-D7F3DEE19DD8}.Release|x86.Build.0 = Release|x86
		{B9965E66-853A-47CC-B0C9-197B5A29ABFC}.Debug|x64.ActiveCfg = Debug|x64
		{B9965E66-853A-47CC-B0C9-197B5A29ABFC}.Debug|x64.Build.0 = Debug|x64
		{B9965E66-853A-47CC-B0C9-197B5A29ABFC}.Debug|x86.ActiveCfg = Debug|x86
		{B9965E66-853A-47CC-B0C9-197B5A29ABFC}.Debug|x86.Build.0 = Debug|x86
		{B9965E66-853A-47CC-B0C9-197B5A29ABFC}.Release|x64.ActiveCfg = Release|x64
		{B9965E66-853A-47CC-B0C9-197B5A29ABFC}.Release|x64.Build.0 = Release|x64
		{B9965E66-853A-47CC-B0C9-197B5A29ABFC}.Release|x86.ActiveCfg = Release|x86
		{B9965E66-853A-47CC-B0C9-197B5A29ABFC}.Release|x86.Build.0 = Release|x86
		{B6654857-4C82-4F92-AD7A-21FD3ED5BBFA}.Debug|x64.ActiveCfg = Debug|x64
		{B6654857-4C82-4F92-AD7A-21FD3ED5BBFA}.Debug|x64.Build.0 = Debug|x64
		{B6654857-4C82-4F92-AD7A-21FD3ED5BBFA}.Debug|x86.ActiveCfg = Debug|x86
		{B6654857-4C82-4F92-AD7A-21FD3ED5BBFA}.Debug|x86.Build.0 = Debug|x86
		{B6654857-4C82-4F92-AD7A-21FD3ED5BBFA}.Release|x64.ActiveCfg = Release|x64
		{B6654857-4C82-4F92-AD7A-21FD3ED5BBFA}.Release|x64.Build.0 = Release|x64
		{B6654857-4C82-4F92-AD7A-21FD3ED5BBFA}.Release|x86.ActiveCfg = Release|x86
		{B6654857-4C82-4F92-AD7A-21FD3ED5BBFA}.Release|x86.Build.0 = Release|x86
		{B6E43918-236A-4EA7-84C8-ED4A98049907}.Debug|x64.ActiveCfg = Debug|x64
		{B6E43918-236A-4EA7-84C8-ED4A98049907}.Debug|x64.Build.0 = Debug|x64
		{B6E43918-236A-4EA7-84C8-ED4A98049907}.Debug|x86.ActiveCfg = Debug|x86
		{B6E43918-236A-4EA7-84C8-ED4A98049907}.Debug|x86.Build.0 = Debug|x86
		{B6E43918-236A-4EA7-84C8-ED4A98049907}.Release|x64.ActiveCfg = Release|x64
		{B6E43918-236A-4EA7-84C8-ED4A98049907}.Release|x64.Build.0 = Release|x64
		{B6E43918-236A-4EA7-84C8-ED4A98049907}.Release|x86.ActiveCfg = Release|x86
		{B6E43918-236A-4EA7-84C8-ED4A98049907}.Release|x86.Build.0 = Release|x86
		{9A3339BC-37F0-4D03-9ACE-51CC4CF75277}.Debug|x64.ActiveCfg = Debug|x64
		{9A3339BC-37F0-4D03-9ACE-51CC4CF75277}.Debug|x64.Build.0 = Debug|x64
		{9A3339BC-37F0-4D03-9ACE-51CC4CF75277}.Debug|x86.ActiveCfg = Debug|x86
		{9A3339BC-37F0-4D03-9ACE-51CC4CF75277}.Debug|x86.Build.0 = Debug|x86
		{9A3339BC-37F0-4D03-9ACE-51CC4CF75277}.Release|x64.ActiveCfg = Release|x64
		{9A3339BC-37F0-4D03-9ACE-51CC4CF75277}.Release|x64.Build.0 = Release|x64
		{9A3339BC-37F0-4D03-9ACE-51CC4CF75277}.Release|x86.ActiveCfg = Release|x86
		{9A3339BC-37F0-4D03-9ACE-51CC4CF75277}.Release|x86.Build.0 = Release|x86
		{10426A79-A3B3-4CD2-BD84-02AAEE27FB75}.Debug|x64.ActiveCfg = Debug|x64
		{10426A79-A3B3-4CD2-BD84-02AAEE27FB75}.Debug|x64.Build.0 = Debug|x64
		{10426A79-A3B3-4CD2-BD84-02AAEE27FB75}.Debug|x86.ActiveCfg = Debug|x86
		{10426A79-A3B3-4CD2-BD84-02AAEE27FB75}.Debug|x86.Build.0 = Debug|x86
		{10426A79-A3B3-4CD2-BD84-02AAEE27FB75}.Release|x64.ActiveCfg = Release|x64
		{10426A79-A3B3-4CD2-BD84-02AAEE27FB75}.Release|x64.Build.0 = Release|x64
		{10426A79-A3B3-4CD2-BD84-02AAEE27FB75}.Release|x86.ActiveCfg = Release|x86
		{10426A79-A3B3-4CD2-BD84-02AAEE27FB75}.Release|x86.Build.0 = Release|x86
		{9A2CEAF1-95CF-4E7D-91D5-42DB1F3FD29A}.Debug|x64.ActiveCfg = Debug|x64
		{9A2CEAF1-95CF-4E7D-91D5-42DB1F3FD29A}.Debug|x64.Build.0 = Debug|x64
		{9A2CEAF1-95CF-4E7D-91D5-42DB1F3FD29A}.Debug|x86.ActiveCfg = Debug|x86
		{9A2CEAF1-95CF-4E7D-91D5-42DB1F3FD29A}.Debug|x86.Build.0 = Debug|x86
		{9A2CEAF1-95CF-4E7D-91D5-42DB1F3FD29A}.Release|x64.ActiveCfg = Release|x64
		{9A2CEAF1-95CF-4E7D-91D5-42DB1F3FD29A}.Release|x64.Build.0 = Release|x64
		{9A2CEAF1-95CF-4E7D-91D5-42DB1F3FD29A}.Release|x86.ActiveCfg = Release|x86
		{9A2CEAF1-95CF-4E7D-91D5-42DB1F3FD29A}.Release|x86.Build.0 = Release|x86
		{2C7A6E29-980B-4A4C-9645-E2CA26FCEAAC}.Debug|x64.ActiveCfg = Debug|x64
		{2C7A6E29-980B-4A4C-9645-E2CA26FCEAAC}.Debug|x64.Build.0 = Debug|x64
		{2C7A6E29-980B-4A4C-9645-E2CA26FCEAAC}.Debug|x86.ActiveCfg = Debug|x86
		{2C7A6E29-980B-4A4C-9645-E2CA26FCEAAC}.Debug|x86.Build.0 = Debug|x86
		{2C7A6E29-980B-4A4C-9645-E2CA26FCEAAC}.Release|x64.ActiveCfg = Release|x64
		{2C7A6E29-980B-4A4C-9645-E2CA26FCEAAC}.Release|x64.Build.0 = Release|x64
		{2C7A6E29-980B-4A4C-9645-E2CA26FCEAAC}.Release|x86.ActiveCfg = Release|x86
		{2C7A6E29-980B-4A4C-9645-E2CA26FCEAAC}.Release|x86.Build.0 = Release|x86
		{36D05914-1A8A-484C-9FB7-8BE4582A665A}.Debug|x64.ActiveCfg = Debug|x64
		{36D05914-1A8A-484C-9FB7-8BE4582A665A}.Debug|x64.Build.0 = Debug|x64
		{36D05914-1A8A-484C-9FB7-8BE4582A665A}.Debug|x86.ActiveCfg = Debug|x86
		{36D05914-1A8A-484C-9FB7-8BE4582A665A}.Debug|x86.Build.0 = Debug|x86
		{36D05914-1A8A-484C-9FB7-8BE4582A665A}.Release|x64.ActiveCfg = Release|x64
		{36D05914-1A8A-484C-9FB7-8BE4582A665A}.Release|x64.Build.0 = Release|x64
		{36D05914-1A8A-484C-9FB7-8BE4582A665A}.Release|x86.ActiveCfg = Release|x86
		{36D05914-1A8A-484C-9FB7-8BE4582A665A}.Release|x86.Build.0 = Release|x86
		{90562CEB-1B6C-43AF-80A2-386A4323A4EF}.Debug|x64.ActiveCfg = Debug|x64
		{90562CEB-1B6C-43AF-80A2-386A4323A4EF}.Debug|x64.Build.0 = Debug|x64
		{90562CEB-1B6C-43AF-80A2-386A4323A4EF}.Debug|x86.ActiveCfg = Debug|x86
		{90562CEB-1B6C-43AF-80A2-386A4323A4EF}.Debug|x86.Build.0 = Debug|x86
		{90562CEB-1B6C-43AF-80A2-386A4323A4EF}.Release|x64.ActiveCfg = Release|x64
		{90562CEB-1B6C-43AF-80A2-386A4323A4EF}.Release|x64.Build.0 = Release|x64
		{90562CEB-1B6C-43AF-80A2-386A4323A4EF}.Release|x86.ActiveCfg = Release|x86
		{90562CEB-1B6C-43AF-80A2-386A4323A4EF}.Release|x86.Build.0 = Release|x86
		{54B8F93E-C7A6-463E-8DCD-2BDD94EF9D90}.Debug|x64.ActiveCfg = Debug|x64
		{54B8F93E-C7A6-463E-8DCD-2BDD94EF9D90}.Debug|x64.Build.0 = Debug|x64
		{54B8F93E-C7A6-463E-8DCD-2BDD94EF9D90}.Debug|x86.ActiveCfg = Debug|x86
		{54B8F93E-C7A6-463E-8DCD-2BDD94EF9D90}.Debug|x86.Build.0 = Debug|x86
		{54B8F93E-C7A6-463E-8DCD-2BDD94EF9D90}.Release|x64.ActiveCfg = Release|x64
		{54B8F93E-C7A6-463E-8DCD-2BDD94EF9D90}.Release|x64.Build.0 = Release|x64
		{54B8F93E-C7A6-463E-8DCD-2BDD94EF9D90}.Release|x86.ActiveCfg = Release|x86
		{54B8F93E-C7A6-463E-8DCD-2BDD94EF9D90}.Release|x86.Build.0 = Release|x86
		{D99C1889-D52B-4640-B3F5-594F5A728A56}.Debug|x64.ActiveCfg = Debug|x64
		{D99C1889-D52B-4640-B3F5-594F5A728A56}.Debug|x64.Build.0 = Debug|x64
		{D99C1889-D52B-4640-B3F5-594F5A728A56}.Debug|x86.ActiveCfg = Debug|x86
		{D99C1889-D52B-4640-B3F5-594F5A728A56}.Debug|x86.Build.0 = Debug|x86
		{D99C1889-D52B-4640-B3F5-594F5A728A56}.Release|x64.ActiveCfg = Release|x64
		{D99C1889-D52B-4640-B3F5-594F5A728A56}.Release|x64.Build.0 = Release|x64
		{D99C1889-D52B-4640-B3F5-594F5A728A56}.Release|x86.ActiveCfg = Release|x86
		{D99C1889-D52B-4640-B3F5-594F5A728A56}.Release|x86.Build.0 = Release|x86
		{2125B641-AB4D-4C29-A2A7-DD37839CCACB}.Debug|x64.ActiveCfg = Debug|x64
		{2125B641-AB4D-4C29-A2A7-DD37839CCACB}.Debug|x64.Build.0 = Debug|x64
		{2125B641-AB4D-4C29-A2A7-DD37839CCACB}.Debug|x86.ActiveCfg = Debug|x86
		{2125B641-AB4D-4C29-A2A7-DD37839CCACB}.Debug|x86.Build.0 = Debug|x86
		{2125B641-AB4D-4C29-A2A7-DD37839CCACB}.Release|x64.ActiveCfg = Release|x64
		{2125B641-AB4D-4C29-A2A7-DD37839CCACB}.Release|x64.Build.0 = Release|x64
		{2125B641-AB4D-4C29-A2A7-DD37839CCACB}.Release|x86.ActiveCfg = Release|x86
		{2125B641-AB4D-4C29-A2A7-DD37839CCACB}.Release|x86.Build.0 = Release|x86
		{53C19B7D-9590-49FA-81BC-59ECC820F349}.Debug|x64.ActiveCfg = Debug|x64
		{53C19B7D-9590-49FA-81BC-59ECC820F349}.Debug|x64.Build.0 = Debug|x64
		{53C19B7D-9590-49FA-81BC-59ECC820F349}.Debug|x86.ActiveCfg = Debug|x86
		{53C19B7D-9590-49FA-81BC-59ECC820F349}.Debug|x86.Build.0 = Debug|x86
		{53C19B7D-9590-49FA-81BC-59ECC820F349}.Release|x64.ActiveCfg = Release|x64
		{53C19B7D-9590-49FA-81BC-59ECC820F349}.Release|x64.Build.0 = Release|x64
		{53C19B7D-9590-49FA-81BC-59ECC820F349}.Release|x86.ActiveCfg = Release|x86
		{53C19B7D-9590-49FA-81BC-59ECC820F349}.Release|x86.Build.0 = Release|x86
		{B39F04B9-17B1-4351-B411-D5CCE39627CE}.Debug|x64.ActiveCfg = Debug|x64
		{B39F04B9-17B1-4351-B411-D5CCE39627CE}.Debug|x64.Build.0 = Debug|x64
		{B39F04B9-17B1-4351-B411-D5CCE39627CE}.Debug|x86.ActiveCfg = Debug|x86
		{B39F04B9-17B1-4351-B411-D5CCE39627CE}.Debug|x86.Build.0 = Debug|x86
		{B39F04B9-17B1-4351-B411-D5CCE39627CE}.Release|x64.ActiveCfg = Release|x64
		{B39F04B9-17B1-4351-B411-D5CCE39627CE}.Release|x64.Build.0 = Release|x64
		{B39F04B9-17B1-4351-B411-D5CCE39627CE}.Release|x86.ActiveCfg = Release|x86
		{B39F04B9-17B1-4351-B411-D5CCE39627CE}.Release|x86.Build.0 = Release|x86
		{00E2BFEE-3896-4647-A5A2-046218F09477}.Debug|x64.ActiveCfg = Debug|x64
		{00E2BFEE-3896-4647-A5A2-046218F09477}.Debug|x64.Build.0 = Debug|x64
		{00E2BFEE-3896-4647-A5A2-046218F09477}.Debug|x86.ActiveCfg = Debug|x86
		{00E2BFEE-3896-4647-A5A2-046218F09477}.Debug|x86.Build.0 = Debug|x86
		{00E2BFEE-3896-4647-A5A2-046218F09477}.Release|x64.ActiveCfg = Release|x64
		{00E2BFEE-3896-4647-A5A2-046218F09477}.Release|x64.Build.0 = Release|x64
		{00E2BFEE-3896-4647-A5A2-046218F09477}.Release|x86.ActiveCfg = Release|x86
		{00E2BFEE-3896-4647-A5A2-046218F09477}.Release|x86.Build.0 = Release|x86
		{F49C9BF8-2ED5-4167-876B-404B6A7C1F4B}.Debug|x64.ActiveCfg = Debug|x64
		{F49C9BF8-2ED5-4167-876B-404B6A7C1F4B}.Debug|x64.Build.0 = Debug|x64
		{F49C9BF8-2ED5-4167-876B-404B6A7C1F4B}.Debug|x86.ActiveCfg = Debug|x86
		{F49C9BF8-2ED5-4167-876B-404B6A7C1F4B}.Debug|x86.Build.0 = Debug|x86
		{F49C9BF8-2ED5-4167-876B-404B6A7C1F4B}.Release|x64.ActiveCfg = Release|x64
		{F49C9BF8-2ED5-4167-876B-404B6A7C1F4B}.Release|x64.Build.0 = Release|x64
		{F49C9BF8-2ED5-4167-876B-404B6A7C1F4B}.Release|x86.ActiveCfg = Release|x86
		{F49C9BF8-2ED5-4167-876B-404B6A7C1F4B}.Release|x86.Build.0 = Release|x86
		{EE9287B0-F062-4A31-A2CB-B7FBCC6B818A}.Debug|x64.ActiveCfg = Debug|x64
		{EE9287B0-F062-4A31-A2CB-B7FBCC6B818A}.Debug|x64.Build.0 = Debug|x64
		{EE9287B0-F062-4A31-A2CB-B7FBCC6B818A}.Debug|x86.ActiveCfg = Debug|x86
		{EE9287B0-F062-4A31-A2CB-B7FBCC6B818A}.Debug|x86.Build.0 = Debug|x86
		{EE9287B0-F062-4A31-A2CB-B7FBCC6B818A}.Release|x64.ActiveCfg = Release|x64
		{EE9287B0-F062-4A31-A2CB-B7FBCC6B818A}.Release|x64.Build.0 = Release|x64
		{EE9287B0-F062-4A31-A2CB-B7FBCC6B818A}.Release|x86.ActiveCfg = Release|x86
		{EE9287B0-F062-4A31-A2CB-B7FBCC6B818A}.Release|x86.Build.0 = Release|x86
	EndGlobalSection
	GlobalSection(SolutionProperties) = preSolution
		HideSolutionNode = FALSE
	EndGlobalSection
	GlobalSection(ExtensibilityGlobals) = postSolution
		SolutionGuid = {2BB11A3D-FF38-410A-9428-0197326354D7}
	EndGlobalSection
EndGlobal
