<?xml version="1.0" encoding="utf-8"?>
<Project ToolsVersion="4.0" xmlns="http://schemas.microsoft.com/developer/msbuild/2003">
  <ItemGroup>
    <Filter Include="Source Files">
      <UniqueIdentifier>{4FC737F1-C7A5-4376-A066-2A32D752A2FF}</UniqueIdentifier>
      <Extensions>cpp;c;cc;cxx;def;odl;idl;hpj;bat;asm;asmx</Extensions>
    </Filter>
    <Filter Include="Header Files">
      <UniqueIdentifier>{93995380-89BD-4b04-88EB-625FBE52EBFB}</UniqueIdentifier>
      <Extensions>h;hpp;hxx;hm;inl;inc;xsd</Extensions>
    </Filter>
    <Filter Include="Resource Files">
      <UniqueIdentifier>{67DA6AB6-F800-4c08-8B7A-83BB121AAD01}</UniqueIdentifier>
      <Extensions>rc;ico;cur;bmp;dlg;rc2;rct;bin;rgs;gif;jpg;jpeg;jpe;resx;tiff;tif;png;wav;mfcribbon-ms</Extensions>
    </Filter>
    <Filter Include="Common">
      <UniqueIdentifier>{039b40b4-14cf-45b3-bca5-65a981c86518}</UniqueIdentifier>
    </Filter>
    <Filter Include="HPSocket">
      <UniqueIdentifier>{c1cdb45b-7c34-4b60-83c3-a6f06ec55fbe}</UniqueIdentifier>
    </Filter>
  </ItemGroup>
  <ItemGroup>
    <None Include="ReadMe.txt" />
  </ItemGroup>
  <ItemGroup>
    <ClInclude Include="stdafx.h">
      <Filter>Header Files</Filter>
    </ClInclude>
    <ClInclude Include="resource.h">
      <Filter>Header Files</Filter>
    </ClInclude>
    <ClInclude Include="..\..\..\Common\Src\bufferpool.h">
      <Filter>Common</Filter>
    </ClInclude>
    <ClInclude Include="..\..\..\Common\Src\bufferptr.h">
      <Filter>Common</Filter>
    </ClInclude>
    <ClInclude Include="..\..\..\Common\Src\CriticalSection.h">
      <Filter>Common</Filter>
    </ClInclude>
    <ClInclude Include="..\..\..\Common\Src\Event.h">
      <Filter>Common</Filter>
    </ClInclude>
    <ClInclude Include="..\..\..\Common\Src\GeneralHelper.h">
      <Filter>Common</Filter>
    </ClInclude>
    <ClInclude Include="..\..\..\Common\Src\PrivateHeap.h">
      <Filter>Common</Filter>
    </ClInclude>
    <ClInclude Include="..\..\..\Common\Src\RWLock.h">
      <Filter>Common</Filter>
    </ClInclude>
    <ClInclude Include="..\..\..\Common\Src\Semaphore.h">
      <Filter>Common</Filter>
    </ClInclude>
    <ClInclude Include="..\..\..\Common\Src\Singleton.h">
      <Filter>Common</Filter>
    </ClInclude>
    <ClInclude Include="..\..\..\Common\Src\STLHelper.h">
      <Filter>Common</Filter>
    </ClInclude>
    <ClInclude Include="..\..\..\Common\Src\SysHelper.h">
      <Filter>Common</Filter>
    </ClInclude>
    <ClInclude Include="..\..\..\Common\Src\WaitFor.h">
      <Filter>Common</Filter>
    </ClInclude>
    <ClInclude Include="..\..\..\Common\Src\Win32Helper.h">
      <Filter>Common</Filter>
    </ClInclude>
    <ClInclude Include="..\..\Src\UdpServer.h">
      <Filter>HPSocket</Filter>
    </ClInclude>
    <ClInclude Include="..\..\Src\HPSocket.h">
      <Filter>HPSocket</Filter>
    </ClInclude>
    <ClInclude Include="..\..\Src\SocketHelper.h">
      <Filter>HPSocket</Filter>
    </ClInclude>
    <ClInclude Include="..\..\Src\SocketInterface.h">
      <Filter>HPSocket</Filter>
    </ClInclude>
    <ClInclude Include="..\..\Src\TcpAgent.h">
      <Filter>HPSocket</Filter>
    </ClInclude>
    <ClInclude Include="..\..\Src\TcpClient.h">
      <Filter>HPSocket</Filter>
    </ClInclude>
    <ClInclude Include="..\..\Src\TcpPullAgent.h">
      <Filter>HPSocket</Filter>
    </ClInclude>
    <ClInclude Include="..\..\Src\TcpPullClient.h">
      <Filter>HPSocket</Filter>
    </ClInclude>
    <ClInclude Include="..\..\Src\TcpPullServer.h">
      <Filter>HPSocket</Filter>
    </ClInclude>
    <ClInclude Include="..\..\Src\TcpServer.h">
      <Filter>HPSocket</Filter>
    </ClInclude>
    <ClInclude Include="..\..\Src\UdpClient.h">
      <Filter>HPSocket</Filter>
    </ClInclude>
    <ClInclude Include="..\..\Src\UdpCast.h">
      <Filter>HPSocket</Filter>
    </ClInclude>
  </ItemGroup>
  <ItemGroup>
    <ClCompile Include="stdafx.cpp">
      <Filter>Source Files</Filter>
    </ClCompile>
    <ClCompile Include="HPSocketDLL.cpp">
      <Filter>Source Files</Filter>
    </ClCompile>
    <ClCompile Include="dllmain.cpp">
      <Filter>Source Files</Filter>
    </ClCompile>
    <ClCompile Include="..\..\..\Common\Src\bufferpool.cpp">
      <Filter>Common</Filter>
    </ClCompile>
    <ClCompile Include="..\..\..\Common\Src\RWLock.cpp">
      <Filter>Common</Filter>
    </ClCompile>
    <ClCompile Include="..\..\..\Common\Src\SysHelper.cpp">
      <Filter>Common</Filter>
    </ClCompile>
    <ClCompile Include="..\..\..\Common\Src\WaitFor.cpp">
      <Filter>Common</Filter>
    </ClCompile>
    <ClCompile Include="..\..\Src\HPSocket.cpp">
      <Filter>HPSocket</Filter>
    </ClCompile>
    <ClCompile Include="..\..\Src\SocketHelper.cpp">
      <Filter>HPSocket</Filter>
    </ClCompile>
    <ClCompile Include="..\..\Src\TcpAgent.cpp">
      <Filter>HPSocket</Filter>
    </ClCompile>
    <ClCompile Include="..\..\Src\TcpClient.cpp">
      <Filter>HPSocket</Filter>
    </ClCompile>
    <ClCompile Include="..\..\Src\TcpPullAgent.cpp">
      <Filter>HPSocket</Filter>
    </ClCompile>
    <ClCompile Include="..\..\Src\TcpPullClient.cpp">
      <Filter>HPSocket</Filter>
    </ClCompile>
    <ClCompile Include="..\..\Src\TcpPullServer.cpp">
      <Filter>HPSocket</Filter>
    </ClCompile>
    <ClCompile Include="..\..\Src\TcpServer.cpp">
      <Filter>HPSocket</Filter>
    </ClCompile>
    <ClCompile Include="..\..\Src\UdpClient.cpp">
      <Filter>HPSocket</Filter>
    </ClCompile>
    <ClCompile Include="..\..\Src\UdpServer.cpp">
      <Filter>HPSocket</Filter>
    </ClCompile>
    <ClCompile Include="..\..\Src\UdpCast.cpp">
      <Filter>HPSocket</Filter>
    </ClCompile>
  </ItemGroup>
  <ItemGroup>
    <ResourceCompile Include="HPSocketDLL.rc">
      <Filter>Resource Files</Filter>
    </ResourceCompile>
  </ItemGroup>
</Project>