
Microsoft Visual Studio Solution File, Format Version 11.00
# Visual Studio 2010
Project("{8BC9CEB8-8B4A-11D0-8D11-00A0C91BC942}") = "HPSocketDLL", "HPSocketDLL.vcxproj", "{79A7B2E5-6F5A-4DE3-B954-5EBA1858793F}"
EndProject
Global
	GlobalSection(SolutionConfigurationPlatforms) = preSolution
		Debug|Win32 = Debug|Win32
		Debug|x64 = Debug|x64
		Debug-SSL|Win32 = Debug-SSL|Win32
		Debug-SSL|x64 = Debug-SSL|x64
		Release|Win32 = Release|Win32
		Release|x64 = Release|x64
		Release-SSL|Win32 = Release-SSL|Win32
		Release-SSL|x64 = Release-SSL|x64
		uDebug|Win32 = uDebug|Win32
		uDebug|x64 = uDebug|x64
		uDebug-SSL|Win32 = uDebug-SSL|Win32
		uDebug-SSL|x64 = uDebug-SSL|x64
		uRelease|Win32 = uRelease|Win32
		uRelease|x64 = uRelease|x64
		uRelease-SSL|Win32 = uRelease-SSL|Win32
		uRelease-SSL|x64 = uRelease-SSL|x64
	EndGlobalSection
	GlobalSection(ProjectConfigurationPlatforms) = postSolution
		{79A7B2E5-6F5A-4DE3-B954-5EBA1858793F}.Debug|Win32.ActiveCfg = Debug|Win32
		{79A7B2E5-6F5A-4DE3-B954-5EBA1858793F}.Debug|Win32.Build.0 = Debug|Win32
		{79A7B2E5-6F5A-4DE3-B954-5EBA1858793F}.Debug|x64.ActiveCfg = Debug|x64
		{79A7B2E5-6F5A-4DE3-B954-5EBA1858793F}.Debug|x64.Build.0 = Debug|x64
		{79A7B2E5-6F5A-4DE3-B954-5EBA1858793F}.Debug-SSL|Win32.ActiveCfg = Debug-SSL|Win32
		{79A7B2E5-6F5A-4DE3-B954-5EBA1858793F}.Debug-SSL|Win32.Build.0 = Debug-SSL|Win32
		{79A7B2E5-6F5A-4DE3-B954-5EBA1858793F}.Debug-SSL|x64.ActiveCfg = Debug-SSL|x64
		{79A7B2E5-6F5A-4DE3-B954-5EBA1858793F}.Debug-SSL|x64.Build.0 = Debug-SSL|x64
		{79A7B2E5-6F5A-4DE3-B954-5EBA1858793F}.Release|Win32.ActiveCfg = Release|Win32
		{79A7B2E5-6F5A-4DE3-B954-5EBA1858793F}.Release|Win32.Build.0 = Release|Win32
		{79A7B2E5-6F5A-4DE3-B954-5EBA1858793F}.Release|x64.ActiveCfg = Release|x64
		{79A7B2E5-6F5A-4DE3-B954-5EBA1858793F}.Release|x64.Build.0 = Release|x64
		{79A7B2E5-6F5A-4DE3-B954-5EBA1858793F}.Release-SSL|Win32.ActiveCfg = Release-SSL|Win32
		{79A7B2E5-6F5A-4DE3-B954-5EBA1858793F}.Release-SSL|Win32.Build.0 = Release-SSL|Win32
		{79A7B2E5-6F5A-4DE3-B954-5EBA1858793F}.Release-SSL|x64.ActiveCfg = Release-SSL|x64
		{79A7B2E5-6F5A-4DE3-B954-5EBA1858793F}.Release-SSL|x64.Build.0 = Release-SSL|x64
		{79A7B2E5-6F5A-4DE3-B954-5EBA1858793F}.uDebug|Win32.ActiveCfg = uDebug|Win32
		{79A7B2E5-6F5A-4DE3-B954-5EBA1858793F}.uDebug|Win32.Build.0 = uDebug|Win32
		{79A7B2E5-6F5A-4DE3-B954-5EBA1858793F}.uDebug|x64.ActiveCfg = uDebug|x64
		{79A7B2E5-6F5A-4DE3-B954-5EBA1858793F}.uDebug|x64.Build.0 = uDebug|x64
		{79A7B2E5-6F5A-4DE3-B954-5EBA1858793F}.uDebug-SSL|Win32.ActiveCfg = uDebug-SSL|Win32
		{79A7B2E5-6F5A-4DE3-B954-5EBA1858793F}.uDebug-SSL|Win32.Build.0 = uDebug-SSL|Win32
		{79A7B2E5-6F5A-4DE3-B954-5EBA1858793F}.uDebug-SSL|x64.ActiveCfg = uDebug-SSL|x64
		{79A7B2E5-6F5A-4DE3-B954-5EBA1858793F}.uDebug-SSL|x64.Build.0 = uDebug-SSL|x64
		{79A7B2E5-6F5A-4DE3-B954-5EBA1858793F}.uRelease|Win32.ActiveCfg = uRelease|Win32
		{79A7B2E5-6F5A-4DE3-B954-5EBA1858793F}.uRelease|Win32.Build.0 = uRelease|Win32
		{79A7B2E5-6F5A-4DE3-B954-5EBA1858793F}.uRelease|x64.ActiveCfg = uRelease|x64
		{79A7B2E5-6F5A-4DE3-B954-5EBA1858793F}.uRelease|x64.Build.0 = uRelease|x64
		{79A7B2E5-6F5A-4DE3-B954-5EBA1858793F}.uRelease-SSL|Win32.ActiveCfg = uRelease-SSL|Win32
		{79A7B2E5-6F5A-4DE3-B954-5EBA1858793F}.uRelease-SSL|Win32.Build.0 = uRelease-SSL|Win32
		{79A7B2E5-6F5A-4DE3-B954-5EBA1858793F}.uRelease-SSL|x64.ActiveCfg = uRelease-SSL|x64
		{79A7B2E5-6F5A-4DE3-B954-5EBA1858793F}.uRelease-SSL|x64.Build.0 = uRelease-SSL|x64
	EndGlobalSection
	GlobalSection(SolutionProperties) = preSolution
		HideSolutionNode = FALSE
	EndGlobalSection
EndGlobal
