<?xml version="1.0" encoding="utf-8"?>
<Project ToolsVersion="4.0" xmlns="http://schemas.microsoft.com/developer/msbuild/2003">
  <ItemGroup>
    <Filter Include="Common">
      <UniqueIdentifier>{b0388f95-419d-4064-9440-abfa406d44ff}</UniqueIdentifier>
    </Filter>
    <Filter Include="HTTP">
      <UniqueIdentifier>{cfc09e8e-522c-4674-82f3-1c729f820d82}</UniqueIdentifier>
    </Filter>
    <Filter Include="Public">
      <UniqueIdentifier>{afed43be-3af7-4795-849d-5e1b2282b846}</UniqueIdentifier>
    </Filter>
    <Filter Include="UDP">
      <UniqueIdentifier>{808293d1-7999-47c3-8c13-cc1a13f59497}</UniqueIdentifier>
    </Filter>
    <Filter Include="TCP">
      <UniqueIdentifier>{b2c2b0b9-f049-4e63-888d-c929ba6119fa}</UniqueIdentifier>
    </Filter>
    <Filter Include="SSL">
      <UniqueIdentifier>{f0b02c52-e433-438a-bbd9-f6cf898bbbb1}</UniqueIdentifier>
    </Filter>
    <Filter Include="Global">
      <UniqueIdentifier>{4c9b4352-e894-44ad-ae59-b36cbebb43d5}</UniqueIdentifier>
    </Filter>
    <Filter Include="Common\Crypto">
      <UniqueIdentifier>{4414e583-3d94-4ed4-9450-651bc82f5cef}</UniqueIdentifier>
    </Filter>
    <Filter Include="Common\Http">
      <UniqueIdentifier>{ff0fa6b2-e08e-4659-a4f3-0cb11a0b9288}</UniqueIdentifier>
    </Filter>
    <Filter Include="Pool">
      <UniqueIdentifier>{ef154c97-334e-487a-9680-616ac8b28f24}</UniqueIdentifier>
    </Filter>
  </ItemGroup>
  <ItemGroup>
    <ClCompile Include="..\..\src\common\BufferPool.cpp">
      <Filter>Common</Filter>
    </ClCompile>
    <ClCompile Include="..\..\src\common\Event.cpp">
      <Filter>Common</Filter>
    </ClCompile>
    <ClCompile Include="..\..\src\common\FileHelper.cpp">
      <Filter>Common</Filter>
    </ClCompile>
    <ClCompile Include="..\..\src\common\FuncHelper.cpp">
      <Filter>Common</Filter>
    </ClCompile>
    <ClCompile Include="..\..\src\common\IODispatcher.cpp">
      <Filter>Common</Filter>
    </ClCompile>
    <ClCompile Include="..\..\src\common\PollHelper.cpp">
      <Filter>Common</Filter>
    </ClCompile>
    <ClCompile Include="..\..\src\common\RWLock.cpp">
      <Filter>Common</Filter>
    </ClCompile>
    <ClCompile Include="..\..\src\common\SysHelper.cpp">
      <Filter>Common</Filter>
    </ClCompile>
    <ClCompile Include="..\..\src\MiscHelper.cpp">
      <Filter>Global</Filter>
    </ClCompile>
    <ClCompile Include="..\..\src\SocketHelper.cpp">
      <Filter>Global</Filter>
    </ClCompile>
    <ClCompile Include="..\..\src\TcpAgent.cpp">
      <Filter>TCP</Filter>
    </ClCompile>
    <ClCompile Include="..\..\src\TcpClient.cpp">
      <Filter>TCP</Filter>
    </ClCompile>
    <ClCompile Include="..\..\src\TcpPackAgent.cpp">
      <Filter>TCP</Filter>
    </ClCompile>
    <ClCompile Include="..\..\src\TcpPackClient.cpp">
      <Filter>TCP</Filter>
    </ClCompile>
    <ClCompile Include="..\..\src\TcpPackServer.cpp">
      <Filter>TCP</Filter>
    </ClCompile>
    <ClCompile Include="..\..\src\TcpPullAgent.cpp">
      <Filter>TCP</Filter>
    </ClCompile>
    <ClCompile Include="..\..\src\TcpPullClient.cpp">
      <Filter>TCP</Filter>
    </ClCompile>
    <ClCompile Include="..\..\src\TcpPullServer.cpp">
      <Filter>TCP</Filter>
    </ClCompile>
    <ClCompile Include="..\..\src\TcpServer.cpp">
      <Filter>TCP</Filter>
    </ClCompile>
    <ClCompile Include="..\..\src\UdpCast.cpp">
      <Filter>UDP</Filter>
    </ClCompile>
    <ClCompile Include="..\..\src\UdpClient.cpp">
      <Filter>UDP</Filter>
    </ClCompile>
    <ClCompile Include="..\..\src\UdpServer.cpp">
      <Filter>UDP</Filter>
    </ClCompile>
    <ClCompile Include="..\..\src\HPSocket4C.cpp">
      <Filter>Global</Filter>
    </ClCompile>
    <ClCompile Include="..\..\src\SSLAgent.cpp">
      <Filter>SSL</Filter>
    </ClCompile>
    <ClCompile Include="..\..\src\SSLClient.cpp">
      <Filter>SSL</Filter>
    </ClCompile>
    <ClCompile Include="..\..\src\SSLHelper.cpp">
      <Filter>SSL</Filter>
    </ClCompile>
    <ClCompile Include="..\..\src\SSLServer.cpp">
      <Filter>SSL</Filter>
    </ClCompile>
    <ClCompile Include="..\..\src\HPSocket4C-SSL.cpp">
      <Filter>Global</Filter>
    </ClCompile>
    <ClCompile Include="..\..\src\common\crypto\Crypto.cpp">
      <Filter>Common\Crypto</Filter>
    </ClCompile>
    <ClCompile Include="..\..\src\HttpAgent.cpp">
      <Filter>HTTP</Filter>
    </ClCompile>
    <ClCompile Include="..\..\src\HttpClient.cpp">
      <Filter>HTTP</Filter>
    </ClCompile>
    <ClCompile Include="..\..\src\HttpCookie.cpp">
      <Filter>HTTP</Filter>
    </ClCompile>
    <ClCompile Include="..\..\src\HttpHelper.cpp">
      <Filter>HTTP</Filter>
    </ClCompile>
    <ClCompile Include="..\..\src\HttpServer.cpp">
      <Filter>HTTP</Filter>
    </ClCompile>
    <ClCompile Include="..\..\src\common\http\http_parser.cpp">
      <Filter>Common\Http</Filter>
    </ClCompile>
    <ClCompile Include="..\..\src\common\Thread.cpp">
      <Filter>Common</Filter>
    </ClCompile>
    <ClCompile Include="..\..\src\HPThreadPool.cpp">
      <Filter>Pool</Filter>
    </ClCompile>
  </ItemGroup>
  <ItemGroup>
    <ClInclude Include="..\..\src\common\BufferPool.h">
      <Filter>Common</Filter>
    </ClInclude>
    <ClInclude Include="..\..\src\common\BufferPtr.h">
      <Filter>Common</Filter>
    </ClInclude>
    <ClInclude Include="..\..\src\common\CriSec.h">
      <Filter>Common</Filter>
    </ClInclude>
    <ClInclude Include="..\..\src\common\Event.h">
      <Filter>Common</Filter>
    </ClInclude>
    <ClInclude Include="..\..\src\common\FileHelper.h">
      <Filter>Common</Filter>
    </ClInclude>
    <ClInclude Include="..\..\src\common\FuncHelper.h">
      <Filter>Common</Filter>
    </ClInclude>
    <ClInclude Include="..\..\src\common\GeneralHelper.h">
      <Filter>Common</Filter>
    </ClInclude>
    <ClInclude Include="..\..\src\common\IODispatcher.h">
      <Filter>Common</Filter>
    </ClInclude>
    <ClInclude Include="..\..\src\common\PollHelper.h">
      <Filter>Common</Filter>
    </ClInclude>
    <ClInclude Include="..\..\src\common\PrivateHeap.h">
      <Filter>Common</Filter>
    </ClInclude>
    <ClInclude Include="..\..\src\common\RingBuffer.h">
      <Filter>Common</Filter>
    </ClInclude>
    <ClInclude Include="..\..\src\common\RWLock.h">
      <Filter>Common</Filter>
    </ClInclude>
    <ClInclude Include="..\..\src\common\Semaphore.h">
      <Filter>Common</Filter>
    </ClInclude>
    <ClInclude Include="..\..\src\common\SignalHandler.h">
      <Filter>Common</Filter>
    </ClInclude>
    <ClInclude Include="..\..\src\common\Singleton.h">
      <Filter>Common</Filter>
    </ClInclude>
    <ClInclude Include="..\..\src\common\STLHelper.h">
      <Filter>Common</Filter>
    </ClInclude>
    <ClInclude Include="..\..\src\common\StringT.h">
      <Filter>Common</Filter>
    </ClInclude>
    <ClInclude Include="..\..\src\common\SysHelper.h">
      <Filter>Common</Filter>
    </ClInclude>
    <ClInclude Include="..\..\src\common\Thread.h">
      <Filter>Common</Filter>
    </ClInclude>
    <ClInclude Include="..\..\src\common\GlobalDef.h">
      <Filter>Public</Filter>
    </ClInclude>
    <ClInclude Include="..\..\src\common\GlobalErrno.h">
      <Filter>Public</Filter>
    </ClInclude>
    <ClInclude Include="..\..\src\MiscHelper.h">
      <Filter>Global</Filter>
    </ClInclude>
    <ClInclude Include="..\..\src\SocketHelper.h">
      <Filter>Global</Filter>
    </ClInclude>
    <ClInclude Include="..\..\src\HPTypeDef.h">
      <Filter>Public</Filter>
    </ClInclude>
    <ClInclude Include="..\..\src\TcpAgent.h">
      <Filter>TCP</Filter>
    </ClInclude>
    <ClInclude Include="..\..\src\TcpClient.h">
      <Filter>TCP</Filter>
    </ClInclude>
    <ClInclude Include="..\..\src\TcpPackAgent.h">
      <Filter>TCP</Filter>
    </ClInclude>
    <ClInclude Include="..\..\src\TcpPackClient.h">
      <Filter>TCP</Filter>
    </ClInclude>
    <ClInclude Include="..\..\src\TcpPackServer.h">
      <Filter>TCP</Filter>
    </ClInclude>
    <ClInclude Include="..\..\src\TcpPullAgent.h">
      <Filter>TCP</Filter>
    </ClInclude>
    <ClInclude Include="..\..\src\TcpPullClient.h">
      <Filter>TCP</Filter>
    </ClInclude>
    <ClInclude Include="..\..\src\TcpPullServer.h">
      <Filter>TCP</Filter>
    </ClInclude>
    <ClInclude Include="..\..\src\TcpServer.h">
      <Filter>TCP</Filter>
    </ClInclude>
    <ClInclude Include="..\..\src\UdpCast.h">
      <Filter>UDP</Filter>
    </ClInclude>
    <ClInclude Include="..\..\src\UdpClient.h">
      <Filter>UDP</Filter>
    </ClInclude>
    <ClInclude Include="..\..\src\UdpServer.h">
      <Filter>UDP</Filter>
    </ClInclude>
    <ClInclude Include="..\..\src\HPSocket4C.h">
      <Filter>Public</Filter>
    </ClInclude>
    <ClInclude Include="..\..\src\SocketObject4C.h">
      <Filter>Global</Filter>
    </ClInclude>
    <ClInclude Include="..\..\src\SocketInterface.h">
      <Filter>Global</Filter>
    </ClInclude>
    <ClInclude Include="..\..\src\SSLAgent.h">
      <Filter>SSL</Filter>
    </ClInclude>
    <ClInclude Include="..\..\src\SSLClient.h">
      <Filter>SSL</Filter>
    </ClInclude>
    <ClInclude Include="..\..\src\SSLHelper.h">
      <Filter>SSL</Filter>
    </ClInclude>
    <ClInclude Include="..\..\src\SSLServer.h">
      <Filter>SSL</Filter>
    </ClInclude>
    <ClInclude Include="..\..\src\HPSocket4C-SSL.h">
      <Filter>Public</Filter>
    </ClInclude>
    <ClInclude Include="..\..\src\common\crypto\Crypto.h">
      <Filter>Common\Crypto</Filter>
    </ClInclude>
    <ClInclude Include="..\..\src\HttpAgent.h">
      <Filter>HTTP</Filter>
    </ClInclude>
    <ClInclude Include="..\..\src\HttpClient.h">
      <Filter>HTTP</Filter>
    </ClInclude>
    <ClInclude Include="..\..\src\HttpCookie.h">
      <Filter>HTTP</Filter>
    </ClInclude>
    <ClInclude Include="..\..\src\HttpHelper.h">
      <Filter>HTTP</Filter>
    </ClInclude>
    <ClInclude Include="..\..\src\HttpServer.h">
      <Filter>HTTP</Filter>
    </ClInclude>
    <ClInclude Include="..\..\src\common\http\http_parser.h">
      <Filter>Common\Http</Filter>
    </ClInclude>
    <ClInclude Include="..\..\src\HPThreadPool.h">
      <Filter>Pool</Filter>
    </ClInclude>
  </ItemGroup>
</Project>