<?xml version="1.0" encoding="utf-8"?>
<Project ToolsVersion="4.0" xmlns="http://schemas.microsoft.com/developer/msbuild/2003">
  <ItemGroup>
    <Filter Include="Main">
      <UniqueIdentifier>{89aa27f5-854a-4f0f-b354-ad45f3467e4a}</UniqueIdentifier>
    </Filter>
    <Filter Include="Common">
      <UniqueIdentifier>{62af1e40-2972-4998-98ce-183503d5b9f1}</UniqueIdentifier>
    </Filter>
    <Filter Include="HPSocket">
      <UniqueIdentifier>{6dfe1087-bd2e-422b-b9bb-44ea3edf3d8e}</UniqueIdentifier>
    </Filter>
    <Filter Include="Global">
      <UniqueIdentifier>{88ead97d-e618-4da0-8572-fcfb5e5cd08c}</UniqueIdentifier>
    </Filter>
    <Filter Include="Common\Crypto">
      <UniqueIdentifier>{f0dbed6f-8420-499e-bd40-f5cd676d449d}</UniqueIdentifier>
    </Filter>
    <Filter Include="Common\Http">
      <UniqueIdentifier>{9e6043df-62b3-4fa4-b8b1-17dfcd3f6e4b}</UniqueIdentifier>
    </Filter>
  </ItemGroup>
  <ItemGroup>
    <ClCompile Include="server.cpp">
      <Filter>Main</Filter>
    </ClCompile>
    <ClCompile Include="..\..\..\src\common\BufferPool.cpp">
      <Filter>Common</Filter>
    </ClCompile>
    <ClCompile Include="..\..\..\src\common\Event.cpp">
      <Filter>Common</Filter>
    </ClCompile>
    <ClCompile Include="..\..\..\src\common\FileHelper.cpp">
      <Filter>Common</Filter>
    </ClCompile>
    <ClCompile Include="..\..\..\src\common\FuncHelper.cpp">
      <Filter>Common</Filter>
    </ClCompile>
    <ClCompile Include="..\..\..\src\common\IODispatcher.cpp">
      <Filter>Common</Filter>
    </ClCompile>
    <ClCompile Include="..\..\..\src\common\PollHelper.cpp">
      <Filter>Common</Filter>
    </ClCompile>
    <ClCompile Include="..\..\..\src\common\RWLock.cpp">
      <Filter>Common</Filter>
    </ClCompile>
    <ClCompile Include="..\..\..\src\common\SysHelper.cpp">
      <Filter>Common</Filter>
    </ClCompile>
    <ClCompile Include="..\..\..\src\SocketHelper.cpp">
      <Filter>HPSocket</Filter>
    </ClCompile>
    <ClCompile Include="..\..\..\src\TcpServer.cpp">
      <Filter>HPSocket</Filter>
    </ClCompile>
    <ClCompile Include="..\..\Global\helper.cpp">
      <Filter>Global</Filter>
    </ClCompile>
    <ClCompile Include="..\..\..\src\SSLHelper.cpp">
      <Filter>HPSocket</Filter>
    </ClCompile>
    <ClCompile Include="..\..\..\src\SSLServer.cpp">
      <Filter>HPSocket</Filter>
    </ClCompile>
    <ClCompile Include="..\..\..\src\common\crypto\Crypto.cpp">
      <Filter>Common\Crypto</Filter>
    </ClCompile>
    <ClCompile Include="..\..\..\src\HttpCookie.cpp">
      <Filter>HPSocket</Filter>
    </ClCompile>
    <ClCompile Include="..\..\..\src\HttpHelper.cpp">
      <Filter>HPSocket</Filter>
    </ClCompile>
    <ClCompile Include="..\..\..\src\HttpServer.cpp">
      <Filter>HPSocket</Filter>
    </ClCompile>
    <ClCompile Include="..\..\..\src\common\http\http_parser.cpp">
      <Filter>Common\Http</Filter>
    </ClCompile>
    <ClCompile Include="..\..\..\src\common\Thread.cpp">
      <Filter>Common</Filter>
    </ClCompile>
  </ItemGroup>
  <ItemGroup>
    <ClInclude Include="..\..\..\src\common\BufferPool.h">
      <Filter>Common</Filter>
    </ClInclude>
    <ClInclude Include="..\..\..\src\common\BufferPtr.h">
      <Filter>Common</Filter>
    </ClInclude>
    <ClInclude Include="..\..\..\src\common\CriSec.h">
      <Filter>Common</Filter>
    </ClInclude>
    <ClInclude Include="..\..\..\src\common\Event.h">
      <Filter>Common</Filter>
    </ClInclude>
    <ClInclude Include="..\..\..\src\common\FileHelper.h">
      <Filter>Common</Filter>
    </ClInclude>
    <ClInclude Include="..\..\..\src\common\FuncHelper.h">
      <Filter>Common</Filter>
    </ClInclude>
    <ClInclude Include="..\..\..\src\common\GeneralHelper.h">
      <Filter>Common</Filter>
    </ClInclude>
    <ClInclude Include="..\..\..\src\common\GlobalDef.h">
      <Filter>Common</Filter>
    </ClInclude>
    <ClInclude Include="..\..\..\src\common\GlobalErrno.h">
      <Filter>Common</Filter>
    </ClInclude>
    <ClInclude Include="..\..\..\src\common\IODispatcher.h">
      <Filter>Common</Filter>
    </ClInclude>
    <ClInclude Include="..\..\..\src\common\PollHelper.h">
      <Filter>Common</Filter>
    </ClInclude>
    <ClInclude Include="..\..\..\src\common\PrivateHeap.h">
      <Filter>Common</Filter>
    </ClInclude>
    <ClInclude Include="..\..\..\src\common\RingBuffer.h">
      <Filter>Common</Filter>
    </ClInclude>
    <ClInclude Include="..\..\..\src\common\RWLock.h">
      <Filter>Common</Filter>
    </ClInclude>
    <ClInclude Include="..\..\..\src\common\Semaphore.h">
      <Filter>Common</Filter>
    </ClInclude>
    <ClInclude Include="..\..\..\src\common\SignalHandler.h">
      <Filter>Common</Filter>
    </ClInclude>
    <ClInclude Include="..\..\..\src\common\Singleton.h">
      <Filter>Common</Filter>
    </ClInclude>
    <ClInclude Include="..\..\..\src\common\STLHelper.h">
      <Filter>Common</Filter>
    </ClInclude>
    <ClInclude Include="..\..\..\src\common\SysHelper.h">
      <Filter>Common</Filter>
    </ClInclude>
    <ClInclude Include="..\..\..\src\common\Thread.h">
      <Filter>Common</Filter>
    </ClInclude>
    <ClInclude Include="..\..\..\src\HPTypeDef.h">
      <Filter>HPSocket</Filter>
    </ClInclude>
    <ClInclude Include="..\..\..\src\SocketHelper.h">
      <Filter>HPSocket</Filter>
    </ClInclude>
    <ClInclude Include="..\..\..\src\SocketInterface.h">
      <Filter>HPSocket</Filter>
    </ClInclude>
    <ClInclude Include="..\..\..\src\TcpServer.h">
      <Filter>HPSocket</Filter>
    </ClInclude>
    <ClInclude Include="..\..\Global\helper.h">
      <Filter>Global</Filter>
    </ClInclude>
    <ClInclude Include="..\..\..\src\common\StringT.h">
      <Filter>Common</Filter>
    </ClInclude>
    <ClInclude Include="..\..\..\src\SSLHelper.h">
      <Filter>HPSocket</Filter>
    </ClInclude>
    <ClInclude Include="..\..\..\src\SSLServer.h">
      <Filter>HPSocket</Filter>
    </ClInclude>
    <ClInclude Include="..\..\..\src\common\crypto\Crypto.h">
      <Filter>Common\Crypto</Filter>
    </ClInclude>
    <ClInclude Include="..\..\..\src\HttpCookie.h">
      <Filter>HPSocket</Filter>
    </ClInclude>
    <ClInclude Include="..\..\..\src\HttpHelper.h">
      <Filter>HPSocket</Filter>
    </ClInclude>
    <ClInclude Include="..\..\..\src\HttpServer.h">
      <Filter>HPSocket</Filter>
    </ClInclude>
    <ClInclude Include="..\..\..\src\common\http\http_parser.h">
      <Filter>Common\Http</Filter>
    </ClInclude>
  </ItemGroup>
</Project>